
Microsoft Visual Studio Solution File, Format Version 12.00
# Visual Studio 15
VisualStudioVersion = 15.0.26124.0
MinimumVisualStudioVersion = 15.0.26124.0
Project("{2150E333-8FDC-42A3-9474-1A3956D46DE8}") = "src", "src", "{41169219-6046-41A4-97D4-04C037A03816}"
EndProject
Project("{FAE04EC0-301F-11D3-BF4B-00C04F79EFBC}") = "GradeBook", "src\GradeBook\GradeBook.csproj", "{395955AA-EFCF-4B48-A902-563C56E3B875}"
EndProject
Project("{2150E333-8FDC-42A3-9474-1A3956D46DE8}") = "test", "test", "{800E9B19-73F5-43AC-BFCD-32413B590754}"
EndProject
Project("{FAE04EC0-301F-11D3-BF4B-00C04F79EFBC}") = "GradeBook.Tests", "test\GradeBook.Tests\GradeBook.Tests.csproj", "{3C8C9188-43B2-4F2B-94A4-C8E15DA2E431}"
EndProject
Global
	GlobalSection(SolutionConfigurationPlatforms) = preSolution
		Debug|Any CPU = Debug|Any CPU
		Debug|x64 = Debug|x64
		Debug|x86 = Debug|x86
		Release|Any CPU = Release|Any CPU
		Release|x64 = Release|x64
		Release|x86 = Release|x86
	EndGlobalSection
	GlobalSection(SolutionProperties) = preSolution
		HideSolutionNode = FALSE
	EndGlobalSection
	GlobalSection(ProjectConfigurationPlatforms) = postSolution
		{395955AA-EFCF-4B48-A902-563C56E3B875}.Debug|Any CPU.ActiveCfg = Debug|Any CPU
		{395955AA-EFCF-4B48-A902-563C56E3B875}.Debug|Any CPU.Build.0 = Debug|Any CPU
		{395955AA-EFCF-4B48-A902-563C56E3B875}.Debug|x64.ActiveCfg = Debug|Any CPU
		{395955AA-EFCF-4B48-A902-563C56E3B875}.Debug|x64.Build.0 = Debug|Any CPU
		{395955AA-EFCF-4B48-A902-563C56E3B875}.Debug|x86.ActiveCfg = Debug|Any CPU
		{395955AA-EFCF-4B48-A902-563C56E3B875}.Debug|x86.Build.0 = Debug|Any CPU
		{395955AA-EFCF-4B48-A902-563C56E3B875}.Release|Any CPU.ActiveCfg = Release|Any CPU
		{395955AA-EFCF-4B48-A902-563C56E3B875}.Release|Any CPU.Build.0 = Release|Any CPU
		{395955AA-EFCF-4B48-A902-563C56E3B875}.Release|x64.ActiveCfg = Release|Any CPU
		{395955AA-EFCF-4B48-A902-563C56E3B875}.Release|x64.Build.0 = Release|Any CPU
		{395955AA-EFCF-4B48-A902-563C56E3B875}.Release|x86.ActiveCfg = Release|Any CPU
		{395955AA-EFCF-4B48-A902-563C56E3B875}.Release|x86.Build.0 = Release|Any CPU
		{3C8C9188-43B2-4F2B-94A4-C8E15DA2E431}.Debug|Any CPU.ActiveCfg = Debug|Any CPU
		{3C8C9188-43B2-4F2B-94A4-C8E15DA2E431}.Debug|Any CPU.Build.0 = Debug|Any CPU
		{3C8C9188-43B2-4F2B-94A4-C8E15DA2E431}.Debug|x64.ActiveCfg = Debug|Any CPU
		{3C8C9188-43B2-4F2B-94A4-C8E15DA2E431}.Debug|x64.Build.0 = Debug|Any CPU
		{3C8C9188-43B2-4F2B-94A4-C8E15DA2E431}.Debug|x86.ActiveCfg = Debug|Any CPU
		{3C8C9188-43B2-4F2B-94A4-C8E15DA2E431}.Debug|x86.Build.0 = Debug|Any CPU
		{3C8C9188-43B2-4F2B-94A4-C8E15DA2E431}.Release|Any CPU.ActiveCfg = Release|Any CPU
		{3C8C9188-43B2-4F2B-94A4-C8E15DA2E431}.Release|Any CPU.Build.0 = Release|Any CPU
		{3C8C9188-43B2-4F2B-94A4-C8E15DA2E431}.Release|x64.ActiveCfg = Release|Any CPU
		{3C8C9188-43B2-4F2B-94A4-C8E15DA2E431}.Release|x64.Build.0 = Release|Any CPU
		{3C8C9188-43B2-4F2B-94A4-C8E15DA2E431}.Release|x86.ActiveCfg = Release|Any CPU
		{3C8C9188-43B2-4F2B-94A4-C8E15DA2E431}.Release|x86.Build.0 = Release|Any CPU
	EndGlobalSection
	GlobalSection(NestedProjects) = preSolution
		{395955AA-EFCF-4B48-A902-563C56E3B875} = {41169219-6046-41A4-97D4-04C037A03816}
		{3C8C9188-43B2-4F2B-94A4-C8E15DA2E431} = {800E9B19-73F5-43AC-BFCD-32413B590754}
	EndGlobalSection
EndGlobal
